
Microsoft Visual Studio Solution File, Format Version 12.00
Project("{FAE04EC0-301F-11D3-BF4B-00C04F79EFBC}") = "KesslerSyndrome", "KesslerSyndrome\KesslerSyndrome.csproj", "{20796DD2-CE75-4D70-BF4B-004E3B710FEE}"
EndProject
Global
	GlobalSection(SolutionConfigurationPlatforms) = preSolution
		Debug|Any CPU = Debug|Any CPU
		Release|Any CPU = Release|Any CPU
	EndGlobalSection
	GlobalSection(ProjectConfigurationPlatforms) = postSolution
		{20796DD2-CE75-4D70-BF4B-004E3B710FEE}.Debug|Any CPU.ActiveCfg = Debug|Any CPU
		{20796DD2-CE75-4D70-BF4B-004E3B710FEE}.Debug|Any CPU.Build.0 = Debug|Any CPU
		{20796DD2-CE75-4D70-BF4B-004E3B710FEE}.Release|Any CPU.ActiveCfg = Release|Any CPU
		{20796DD2-CE75-4D70-BF4B-004E3B710FEE}.Release|Any CPU.Build.0 = Release|Any CPU
	EndGlobalSection
EndGlobal
